
Microsoft Visual Studio Solution File, Format Version 12.00
# Visual Studio Version 17
VisualStudioVersion = 17.11.35219.272
MinimumVisualStudioVersion = 10.0.40219.1
Project("{FAE04EC0-301F-11D3-BF4B-00C04F79EFBC}") = "CasaBlanca", "CasaBlanca\CasaBlanca.csproj", "{B9B8057B-F8A0-49BD-9D24-DD9CB635DBFA}"
EndProject
Global
	GlobalSection(SolutionConfigurationPlatforms) = preSolution
		Debug|Any CPU = Debug|Any CPU
		Release|Any CPU = Release|Any CPU
	EndGlobalSection
	GlobalSection(ProjectConfigurationPlatforms) = postSolution
		{B9B8057B-F8A0-49BD-9D24-DD9CB635DBFA}.Debug|Any CPU.ActiveCfg = Debug|Any CPU
		{B9B8057B-F8A0-49BD-9D24-DD9CB635DBFA}.Debug|Any CPU.Build.0 = Debug|Any CPU
		{B9B8057B-F8A0-49BD-9D24-DD9CB635DBFA}.Release|Any CPU.ActiveCfg = Release|Any CPU
		{B9B8057B-F8A0-49BD-9D24-DD9CB635DBFA}.Release|Any CPU.Build.0 = Release|Any CPU
	EndGlobalSection
	GlobalSection(SolutionProperties) = preSolution
		HideSolutionNode = FALSE
	EndGlobalSection
	GlobalSection(ExtensibilityGlobals) = postSolution
		SolutionGuid = {AD8A1D5F-DF31-463B-9323-A24A4D372B7F}
	EndGlobalSection
EndGlobal
